
Microsoft Visual Studio Solution File, Format Version 12.00
# Visual Studio Version 17
VisualStudioVersion = 17.5.002.0
MinimumVisualStudioVersion = 10.0.40219.1
Project("{9A19103F-16F7-4668-BE54-9A1E7A4F7556}") = "TRIAL.WEBRESOURCES", "TRIAL.WEBRESOURCES.csproj", "{8AA2D27A-75A0-49EE-98B0-E47601ECD6E7}"
EndProject
Global
	GlobalSection(SolutionConfigurationPlatforms) = preSolution
		Debug|Any CPU = Debug|Any CPU
		Release|Any CPU = Release|Any CPU
	EndGlobalSection
	GlobalSection(ProjectConfigurationPlatforms) = postSolution
		{8AA2D27A-75A0-49EE-98B0-E47601ECD6E7}.Debug|Any CPU.ActiveCfg = Debug|Any CPU
		{8AA2D27A-75A0-49EE-98B0-E47601ECD6E7}.Debug|Any CPU.Build.0 = Debug|Any CPU
		{8AA2D27A-75A0-49EE-98B0-E47601ECD6E7}.Release|Any CPU.ActiveCfg = Release|Any CPU
		{8AA2D27A-75A0-49EE-98B0-E47601ECD6E7}.Release|Any CPU.Build.0 = Release|Any CPU
	EndGlobalSection
	GlobalSection(SolutionProperties) = preSolution
		HideSolutionNode = FALSE
	EndGlobalSection
	GlobalSection(ExtensibilityGlobals) = postSolution
		SolutionGuid = {0222B1F2-5EA8-42BA-8A1A-ED4A006F49BA}
	EndGlobalSection
EndGlobal
